
Microsoft Visual Studio Solution File, Format Version 12.00
# Visual Studio Version 17
VisualStudioVersion = 17.12.35506.116
MinimumVisualStudioVersion = 10.0.40219.1
Project("{FAE04EC0-301F-11D3-BF4B-00C04F79EFBC}") = "Korn.Utils.UnsafePDBResolver", "Korn.Utils.UnsafePDBResolver\Korn.Utils.UnsafePDBResolver.csproj", "{F8408D57-F8B8-4F60-9721-AA998F513B8E}"
EndProject
Project("{2150E333-8FDC-42A3-9474-1A3956D46DE8}") = "Korn", "Korn", "{A1B51DA6-91DB-4E33-963A-E179A093D514}"
EndProject
Project("{FAE04EC0-301F-11D3-BF4B-00C04F79EFBC}") = "Korn.Logger", "..\Korn.Logger\Korn.Logger\Korn.Logger.csproj", "{530225BD-D14F-4E55-83DC-752E71B65107}"
EndProject
Project("{FAE04EC0-301F-11D3-BF4B-00C04F79EFBC}") = "Korn.Utils.System", "..\Korn.Utils.System\Korn.Utils.System\Korn.Utils.System.csproj", "{2238BD03-FC5A-4110-B9D0-3E7CAEED0C5D}"
EndProject
Global
	GlobalSection(SolutionConfigurationPlatforms) = preSolution
		Debug|Any CPU = Debug|Any CPU
		Debug|x64 = Debug|x64
		Release|Any CPU = Release|Any CPU
		Release|x64 = Release|x64
	EndGlobalSection
	GlobalSection(ProjectConfigurationPlatforms) = postSolution
		{F8408D57-F8B8-4F60-9721-AA998F513B8E}.Debug|Any CPU.ActiveCfg = Debug|x64
		{F8408D57-F8B8-4F60-9721-AA998F513B8E}.Debug|Any CPU.Build.0 = Debug|x64
		{F8408D57-F8B8-4F60-9721-AA998F513B8E}.Debug|x64.ActiveCfg = Debug|x64
		{F8408D57-F8B8-4F60-9721-AA998F513B8E}.Debug|x64.Build.0 = Debug|x64
		{F8408D57-F8B8-4F60-9721-AA998F513B8E}.Release|Any CPU.ActiveCfg = Release|Any CPU
		{F8408D57-F8B8-4F60-9721-AA998F513B8E}.Release|Any CPU.Build.0 = Release|Any CPU
		{F8408D57-F8B8-4F60-9721-AA998F513B8E}.Release|x64.ActiveCfg = Release|x64
		{F8408D57-F8B8-4F60-9721-AA998F513B8E}.Release|x64.Build.0 = Release|x64
		{530225BD-D14F-4E55-83DC-752E71B65107}.Debug|Any CPU.ActiveCfg = Debug|Any CPU
		{530225BD-D14F-4E55-83DC-752E71B65107}.Debug|Any CPU.Build.0 = Debug|Any CPU
		{530225BD-D14F-4E55-83DC-752E71B65107}.Debug|x64.ActiveCfg = Debug|Any CPU
		{530225BD-D14F-4E55-83DC-752E71B65107}.Debug|x64.Build.0 = Debug|Any CPU
		{530225BD-D14F-4E55-83DC-752E71B65107}.Release|Any CPU.ActiveCfg = Release|Any CPU
		{530225BD-D14F-4E55-83DC-752E71B65107}.Release|Any CPU.Build.0 = Release|Any CPU
		{530225BD-D14F-4E55-83DC-752E71B65107}.Release|x64.ActiveCfg = Release|Any CPU
		{530225BD-D14F-4E55-83DC-752E71B65107}.Release|x64.Build.0 = Release|Any CPU
		{2238BD03-FC5A-4110-B9D0-3E7CAEED0C5D}.Debug|Any CPU.ActiveCfg = Debug|x64
		{2238BD03-FC5A-4110-B9D0-3E7CAEED0C5D}.Debug|Any CPU.Build.0 = Debug|x64
		{2238BD03-FC5A-4110-B9D0-3E7CAEED0C5D}.Debug|x64.ActiveCfg = Debug|x64
		{2238BD03-FC5A-4110-B9D0-3E7CAEED0C5D}.Debug|x64.Build.0 = Debug|x64
		{2238BD03-FC5A-4110-B9D0-3E7CAEED0C5D}.Release|Any CPU.ActiveCfg = Release|x64
		{2238BD03-FC5A-4110-B9D0-3E7CAEED0C5D}.Release|Any CPU.Build.0 = Release|x64
		{2238BD03-FC5A-4110-B9D0-3E7CAEED0C5D}.Release|x64.ActiveCfg = Release|x64
		{2238BD03-FC5A-4110-B9D0-3E7CAEED0C5D}.Release|x64.Build.0 = Release|x64
	EndGlobalSection
	GlobalSection(SolutionProperties) = preSolution
		HideSolutionNode = FALSE
	EndGlobalSection
	GlobalSection(NestedProjects) = preSolution
		{530225BD-D14F-4E55-83DC-752E71B65107} = {A1B51DA6-91DB-4E33-963A-E179A093D514}
		{2238BD03-FC5A-4110-B9D0-3E7CAEED0C5D} = {A1B51DA6-91DB-4E33-963A-E179A093D514}
	EndGlobalSection
EndGlobal
